
Microsoft Visual Studio Solution File, Format Version 12.00
# Visual Studio Version 17
VisualStudioVersion = 17.5.33516.290
MinimumVisualStudioVersion = 10.0.40219.1
Project("{FAE04EC0-301F-11D3-BF4B-00C04F79EFBC}") = "SalesWebMvc", "SalesWebMvc\SalesWebMvc.csproj", "{A417B401-2A4B-42EB-8D1A-544660462239}"
EndProject
Global
	GlobalSection(SolutionConfigurationPlatforms) = preSolution
		Debug|Any CPU = Debug|Any CPU
		Release|Any CPU = Release|Any CPU
	EndGlobalSection
	GlobalSection(ProjectConfigurationPlatforms) = postSolution
		{A417B401-2A4B-42EB-8D1A-544660462239}.Debug|Any CPU.ActiveCfg = Debug|Any CPU
		{A417B401-2A4B-42EB-8D1A-544660462239}.Debug|Any CPU.Build.0 = Debug|Any CPU
		{A417B401-2A4B-42EB-8D1A-544660462239}.Release|Any CPU.ActiveCfg = Release|Any CPU
		{A417B401-2A4B-42EB-8D1A-544660462239}.Release|Any CPU.Build.0 = Release|Any CPU
	EndGlobalSection
	GlobalSection(SolutionProperties) = preSolution
		HideSolutionNode = FALSE
	EndGlobalSection
	GlobalSection(ExtensibilityGlobals) = postSolution
		SolutionGuid = {C7653D8F-C1C9-4553-96B6-E75CEB151537}
	EndGlobalSection
EndGlobal
